
Microsoft Visual Studio Solution File, Format Version 10.00
# Visual Studio 2008
Project("{8BC9CEB8-8B4A-11D0-8D11-00A0C91BC942}") = "wait_for_image", "wait_for_image.vcproj", "{259A7808-7B38-459D-AB69-05A477CED371}"
EndProject
Global
	GlobalSection(SolutionConfigurationPlatforms) = preSolution
		Debug|Win32 = Debug|Win32
		Release|Win32 = Release|Win32
	EndGlobalSection
	GlobalSection(ProjectConfigurationPlatforms) = postSolution
		{259A7808-7B38-459D-AB69-05A477CED371}.Debug|Win32.ActiveCfg = Debug|Win32
		{259A7808-7B38-459D-AB69-05A477CED371}.Debug|Win32.Build.0 = Debug|Win32
		{259A7808-7B38-459D-AB69-05A477CED371}.Release|Win32.ActiveCfg = Release|Win32
		{259A7808-7B38-459D-AB69-05A477CED371}.Release|Win32.Build.0 = Release|Win32
	EndGlobalSection
	GlobalSection(SolutionProperties) = preSolution
		HideSolutionNode = FALSE
	EndGlobalSection
EndGlobal
